
Microsoft Visual Studio Solution File, Format Version 12.00
# Visual Studio Version 16
VisualStudioVersion = 16.0.30406.217
MinimumVisualStudioVersion = 10.0.40219.1
Project("{FAE04EC0-301F-11D3-BF4B-00C04F79EFBC}") = "Tulisan Berjalan", "Tulisan Berjalan\Tulisan Berjalan.csproj", "{1922A2E0-F5CC-4AA6-BFA9-CBBD275F492E}"
EndProject
Global
	GlobalSection(SolutionConfigurationPlatforms) = preSolution
		Debug|Any CPU = Debug|Any CPU
		Release|Any CPU = Release|Any CPU
	EndGlobalSection
	GlobalSection(ProjectConfigurationPlatforms) = postSolution
		{1922A2E0-F5CC-4AA6-BFA9-CBBD275F492E}.Debug|Any CPU.ActiveCfg = Debug|Any CPU
		{1922A2E0-F5CC-4AA6-BFA9-CBBD275F492E}.Debug|Any CPU.Build.0 = Debug|Any CPU
		{1922A2E0-F5CC-4AA6-BFA9-CBBD275F492E}.Release|Any CPU.ActiveCfg = Release|Any CPU
		{1922A2E0-F5CC-4AA6-BFA9-CBBD275F492E}.Release|Any CPU.Build.0 = Release|Any CPU
	EndGlobalSection
	GlobalSection(SolutionProperties) = preSolution
		HideSolutionNode = FALSE
	EndGlobalSection
	GlobalSection(ExtensibilityGlobals) = postSolution
		SolutionGuid = {0EEDF219-F264-4505-BD07-CE38B201F709}
	EndGlobalSection
EndGlobal
